
Microsoft Visual Studio Solution File, Format Version 12.00
# Visual Studio Version 17
VisualStudioVersion = 17.9.34714.143
MinimumVisualStudioVersion = 10.0.40219.1
Project("{FAE04EC0-301F-11D3-BF4B-00C04F79EFBC}") = "SalarySlipKata", "SalarySlipKata\SalarySlipKata.csproj", "{CD0F1A65-8E62-48DE-B49E-AF7A66FAB245}"
EndProject
Project("{FAE04EC0-301F-11D3-BF4B-00C04F79EFBC}") = "SalarySlipKata.Tests", "SalarySlipKata.Tests\SalarySlipKata.Tests.csproj", "{2FB3C20E-6089-44E5-99ED-40C6A269C73F}"
EndProject
Global
	GlobalSection(SolutionConfigurationPlatforms) = preSolution
		Debug|Any CPU = Debug|Any CPU
		Release|Any CPU = Release|Any CPU
	EndGlobalSection
	GlobalSection(ProjectConfigurationPlatforms) = postSolution
		{CD0F1A65-8E62-48DE-B49E-AF7A66FAB245}.Debug|Any CPU.ActiveCfg = Debug|Any CPU
		{CD0F1A65-8E62-48DE-B49E-AF7A66FAB245}.Debug|Any CPU.Build.0 = Debug|Any CPU
		{CD0F1A65-8E62-48DE-B49E-AF7A66FAB245}.Release|Any CPU.ActiveCfg = Release|Any CPU
		{CD0F1A65-8E62-48DE-B49E-AF7A66FAB245}.Release|Any CPU.Build.0 = Release|Any CPU
		{2FB3C20E-6089-44E5-99ED-40C6A269C73F}.Debug|Any CPU.ActiveCfg = Debug|Any CPU
		{2FB3C20E-6089-44E5-99ED-40C6A269C73F}.Debug|Any CPU.Build.0 = Debug|Any CPU
		{2FB3C20E-6089-44E5-99ED-40C6A269C73F}.Release|Any CPU.ActiveCfg = Release|Any CPU
		{2FB3C20E-6089-44E5-99ED-40C6A269C73F}.Release|Any CPU.Build.0 = Release|Any CPU
	EndGlobalSection
	GlobalSection(SolutionProperties) = preSolution
		HideSolutionNode = FALSE
	EndGlobalSection
	GlobalSection(ExtensibilityGlobals) = postSolution
		SolutionGuid = {9720C75E-1238-4ACF-84C5-51901A802984}
	EndGlobalSection
EndGlobal
